# This file is autogenerated, do not edit; changes may be undone by the next 'dep ensure'.


[[projects]]
  name = "cloud.google.com/go"
  packages = [
    "compute/metadata",
    "iam",
    "internal/optional",
    "internal/testutil",
    "internal/version",
    "pubsub",
    "pubsub/apiv1",
    "pubsub/pstest"
  ]
  revision = "767c40d6a2e058483c25fa193e963a22da17236d"
  version = "v0.18.0"

[[projects]]
  name = "github.com/BurntSushi/toml"
  packages = ["."]
  revision = "b26d9c308763d68093482582cea63d69be07a0f0"
  version = "v0.3.0"

[[projects]]
  name = "github.com/NYTimes/gziphandler"
  packages = ["."]
  revision = "2600fb119af974220d3916a5916d6e31176aac1b"
  version = "v1.0.1"

[[projects]]
  name = "github.com/Shopify/sarama"
  packages = ["."]
  revision = "35324cf48e33d8260e1c7c18854465a904ade249"
  version = "v1.17.0"

[[projects]]
  name = "github.com/davecgh/go-spew"
  packages = ["spew"]
  revision = "346938d642f2ec3594ed81d874461961cd0faa76"
  version = "v1.1.0"

[[projects]]
  branch = "master"
  name = "github.com/dgryski/go-expirecache"
  packages = ["."]
  revision = "743ef98b2adb7d72da5dff5df7d7a82f1a66c63e"

[[projects]]
  branch = "master"
  name = "github.com/dgryski/go-trigram"
  packages = ["."]
  revision = "79ec494e1ad015aca936154d0eacd715623c1b40"

[[projects]]
  branch = "master"
  name = "github.com/dgryski/httputil"
  packages = ["."]
  revision = "189c2918cd08517364b3ede5417684ca7a7341fe"

[[projects]]
  name = "github.com/eapache/go-resiliency"
  packages = ["breaker"]
  revision = "ea41b0fad31007accc7f806884dcdf3da98b79ce"
  version = "v1.1.0"

[[projects]]
  branch = "master"
  name = "github.com/eapache/go-xerial-snappy"
  packages = ["."]
  revision = "bb955e01b9346ac19dc29eb16586c90ded99a98c"

[[projects]]
  name = "github.com/eapache/queue"
  packages = ["."]
  revision = "44cc805cf13205b55f69e14bcb69867d1ae92f98"
  version = "v1.1.0"

[[projects]]
  name = "github.com/go-graphite/carbonzipper"
  packages = ["zipper/httpHeaders"]
  revision = "53bd3ef082320cad7ecdfa8e7b5d34a9bc70a0a1"
  version = "1.0.0-beta.2"

[[projects]]
  branch = "master"
  name = "github.com/go-graphite/go-whisper"
  packages = ["."]
  revision = "73c5cbd69142cbef9bd8ef9c6d485a8d34b4554c"

[[projects]]
  branch = "master"
  name = "github.com/go-graphite/protocol"
  packages = [
    "carbonapi_v2_pb",
    "carbonapi_v3_pb"
  ]
  revision = "5ae324d480670ee5d15e22eff87e1cabab74069b"

[[projects]]
  branch = "master"
  name = "github.com/gogo/protobuf"
  packages = [
    "gogoproto",
    "proto",
    "protoc-gen-gogo/descriptor",
    "sortkeys"
  ]
  revision = "5669497fd64452f28d142899eeb1bfd7e8b26ac8"

[[projects]]
  name = "github.com/golang/protobuf"
  packages = [
    "proto",
    "protoc-gen-go/descriptor",
    "ptypes",
    "ptypes/any",
    "ptypes/duration",
    "ptypes/empty",
    "ptypes/timestamp"
  ]
  revision = "925541529c1fa6821df4e44ce2723319eb2be768"
  version = "v1.0.0"

[[projects]]
  branch = "master"
  name = "github.com/golang/snappy"
  packages = ["."]
  revision = "553a641470496b2327abcac10b36396bd98e45c9"

[[projects]]
  name = "github.com/google/go-cmp"
  packages = [
    "cmp",
    "cmp/internal/diff",
    "cmp/internal/function",
    "cmp/internal/value"
  ]
  revision = "3af367b6b30c263d47e8895973edcca9a49cf029"
  version = "v0.2.0"

[[projects]]
  name = "github.com/googleapis/gax-go"
  packages = ["."]
  revision = "317e0006254c44a0ac427cc52a0e083ff0b9622f"
  version = "v2.0.0"

[[projects]]
  branch = "master"
  name = "github.com/kardianos/osext"
  packages = ["."]
  revision = "ae77be60afb1dcacde03767a8c37337fad28ac14"

[[projects]]
  name = "github.com/klauspost/compress"
  packages = [
    "flate",
    "gzip",
    "snappy"
  ]
  revision = "6c8db69c4b49dd4df1fff66996cf556176d0b9bf"
  version = "v1.2.1"

[[projects]]
  name = "github.com/klauspost/cpuid"
  packages = ["."]
  revision = "ae7887de9fa5d2db4eaa8174a7eff2c1ac00f2da"
  version = "v1.1"

[[projects]]
  name = "github.com/klauspost/crc32"
  packages = ["."]
  revision = "cb6bfca970f6908083f26f39a79009d608efd5cd"
  version = "v1.1"

[[projects]]
  branch = "master"
  name = "github.com/lomik/graphite-pickle"
  packages = [
    ".",
    "framing"
  ]
  revision = "614e8df4211913eac825745a4931541f63efa035"

[[projects]]
  branch = "master"
  name = "github.com/lomik/og-rek"
  packages = ["."]
  revision = "628eefeb8d8065e3c4300d3556181a255d1ab4ff"

[[projects]]
  branch = "master"
  name = "github.com/lomik/stop"
  packages = ["."]
  revision = "188e98d969bd7491ae161b920247588503cfc4a5"

[[projects]]
  branch = "master"
  name = "github.com/lomik/zapwriter"
  packages = ["."]
  revision = "2ec2b9a616807f3fe930c075c48fcf32d1f2d250"

[[projects]]
  name = "github.com/pierrec/lz4"
  packages = ["."]
  revision = "2fcda4cb7018ce05a25959d2fe08c83e3329f169"
  version = "v1.1"

[[projects]]
  name = "github.com/pierrec/xxHash"
  packages = ["xxHash32"]
  revision = "f051bb7f1d1aaf1b5a665d74fb6b0217712c69f7"
  version = "v0.1.1"

[[projects]]
  name = "github.com/pmezard/go-difflib"
  packages = ["difflib"]
  revision = "792786c7400a136282c1664665ae0a8db921c6c2"
  version = "v1.0.0"

[[projects]]
  branch = "master"
  name = "github.com/rcrowley/go-metrics"
  packages = ["."]
  revision = "8732c616f52954686704c8645fe1a9d59e9df7c1"

[[projects]]
  name = "github.com/sevlyar/go-daemon"
  packages = ["."]
  revision = "97491df6ec974d292cb82c61906a1a4c6f29958b"
  version = "v0.1.3"

[[projects]]
  name = "github.com/stretchr/testify"
  packages = ["assert"]
  revision = "12b6f73e6084dad08a7c6e575284b177ecafbc71"
  version = "v1.2.1"

[[projects]]
  branch = "master"
  name = "github.com/syndtr/goleveldb"
  packages = [
    "leveldb",
    "leveldb/cache",
    "leveldb/comparer",
    "leveldb/errors",
    "leveldb/filter",
    "leveldb/iterator",
    "leveldb/journal",
    "leveldb/memdb",
    "leveldb/opt",
    "leveldb/storage",
    "leveldb/table",
    "leveldb/util"
  ]
  revision = "169b1b37be738edb2813dab48c97a549bcf99bb5"

[[projects]]
  name = "go.opencensus.io"
  packages = [
    "exporter/stackdriver/propagation",
    "internal",
    "internal/tagencoding",
    "plugin/ocgrpc",
    "plugin/ochttp",
    "plugin/ochttp/propagation/b3",
    "stats",
    "stats/internal",
    "stats/view",
    "tag",
    "trace",
    "trace/propagation"
  ]
  revision = "6e3f034057826b530038d93267906ec3c012183f"
  version = "v0.6.0"

[[projects]]
  name = "go.uber.org/atomic"
  packages = ["."]
  revision = "8474b86a5a6f79c443ce4b2992817ff32cf208b8"
  version = "v1.3.1"

[[projects]]
  name = "go.uber.org/multierr"
  packages = ["."]
  revision = "3c4937480c32f4c13a875a1829af76c98ca3d40a"
  version = "v1.1.0"

[[projects]]
  name = "go.uber.org/zap"
  packages = [
    ".",
    "buffer",
    "internal/bufferpool",
    "internal/color",
    "internal/exit",
    "zapcore"
  ]
  revision = "ff33455a0e382e8a81d14dd7c922020b6b5e7982"
  version = "v1.9.1"

[[projects]]
  branch = "master"
  name = "golang.org/x/net"
  packages = [
    "context",
    "context/ctxhttp",
    "http2",
    "http2/hpack",
    "idna",
    "internal/timeseries",
    "lex/httplex",
    "trace"
  ]
  revision = "6078986fec03a1dcc236c34816c71b0e05018fda"

[[projects]]
  branch = "master"
  name = "golang.org/x/oauth2"
  packages = [
    ".",
    "google",
    "internal",
    "jws",
    "jwt"
  ]
  revision = "fdc9e635145ae97e6c2cb777c48305600cf515cb"

[[projects]]
  branch = "master"
  name = "golang.org/x/sync"
  packages = [
    "errgroup",
    "semaphore"
  ]
  revision = "1d60e4601c6fd243af51cc01ddf169918a5407ca"

[[projects]]
  name = "golang.org/x/text"
  packages = [
    "collate",
    "collate/build",
    "internal/colltab",
    "internal/gen",
    "internal/tag",
    "internal/triegen",
    "internal/ucd",
    "language",
    "secure/bidirule",
    "transform",
    "unicode/bidi",
    "unicode/cldr",
    "unicode/norm",
    "unicode/rangetable"
  ]
  revision = "f21a4dfb5e38f5895301dc265a8def02365cc3d0"
  version = "v0.3.0"

[[projects]]
  branch = "master"
  name = "google.golang.org/api"
  packages = [
    "googleapi/transport",
    "internal",
    "iterator",
    "option",
    "support/bundler",
    "transport",
    "transport/grpc",
    "transport/http"
  ]
  revision = "a213db537ac9b393526194a5c85ad6e546f7923f"

[[projects]]
  name = "google.golang.org/appengine"
  packages = [
    ".",
    "internal",
    "internal/app_identity",
    "internal/base",
    "internal/datastore",
    "internal/log",
    "internal/modules",
    "internal/remote_api",
    "internal/socket",
    "internal/urlfetch",
    "socket",
    "urlfetch"
  ]
  revision = "150dc57a1b433e64154302bdc40b6bb8aefa313a"
  version = "v1.0.0"

[[projects]]
  branch = "master"
  name = "google.golang.org/genproto"
  packages = [
    "googleapis/api/annotations",
    "googleapis/iam/v1",
    "googleapis/pubsub/v1",
    "googleapis/rpc/status",
    "protobuf/field_mask"
  ]
  revision = "ab0870e398d5dd054b868c0db1481ab029b9a9f2"

[[projects]]
  name = "google.golang.org/grpc"
  packages = [
    ".",
    "balancer",
    "balancer/base",
    "balancer/roundrobin",
    "codes",
    "connectivity",
    "credentials",
    "credentials/oauth",
    "encoding",
    "encoding/proto",
    "grpclb/grpc_lb_v1/messages",
    "grpclog",
    "internal",
    "keepalive",
    "metadata",
    "naming",
    "peer",
    "reflection",
    "reflection/grpc_reflection_v1alpha",
    "resolver",
    "resolver/dns",
    "resolver/passthrough",
    "stats",
    "status",
    "tap",
    "transport"
  ]
  revision = "afc05b9e1d36f289ea16ba294894486a3e458246"
  version = "v1.11.0"

[solve-meta]
  analyzer-name = "dep"
  analyzer-version = 1
  inputs-digest = "a91705fdf94ecdd4e6a06ed56f1a86efdda79c9a70bd6f9cb514a083874d52fb"
  solver-name = "gps-cdcl"
  solver-version = 1
